// !$*UTF8*$!
{
	archiveVersion = 1;
	classes = {
	};
	objectVersion = 50;
	objects = {

/* Begin PBXBuildFile section */
		7F1FF6FF24792D0F009CD5DD /* Category.swift in Sources */ = {isa = PBXBuildFile; fileRef = 7F1FF6FE24792D0F009CD5DD /* Category.swift */; };
		7FAEB9102479223C00EC7764 /* AppDelegate.swift in Sources */ = {isa = PBXBuildFile; fileRef = 7FAEB90F2479223C00EC7764 /* AppDelegate.swift */; };
		7FAEB9122479223C00EC7764 /* CatagoriesVC.swift in Sources */ = {isa = PBXBuildFile; fileRef = 7FAEB9112479223C00EC7764 /* CatagoriesVC.swift */; };
		7FAEB9152479223C00EC7764 /* Main.storyboard in Resources */ = {isa = PBXBuildFile; fileRef = 7FAEB9132479223C00EC7764 /* Main.storyboard */; };
		7FAEB9172479223E00EC7764 /* Assets.xcassets in Resources */ = {isa = PBXBuildFile; fileRef = 7FAEB9162479223E00EC7764 /* Assets.xcassets */; };
		7FAEB91A2479223E00EC7764 /* LaunchScreen.storyboard in Resources */ = {isa = PBXBuildFile; fileRef = 7FAEB9182479223E00EC7764 /* LaunchScreen.storyboard */; };
		7FAEB925247927F400EC7764 /* CategoryCell.swift in Sources */ = {isa = PBXBuildFile; fileRef = 7FAEB924247927F400EC7764 /* CategoryCell.swift */; };
/* End PBXBuildFile section */

/* Begin PBXFileReference section */
		7F1FF6FE24792D0F009CD5DD /* Category.swift */ = {isa = PBXFileReference; lastKnownFileType = sourcecode.swift; path = Category.swift; sourceTree = "<group>"; };
		7FAEB90C2479223C00EC7764 /* coder-swag.app */ = {isa = PBXFileReference; explicitFileType = wrapper.application; includeInIndex = 0; path = "coder-swag.app"; sourceTree = BUILT_PRODUCTS_DIR; };
		7FAEB90F2479223C00EC7764 /* AppDelegate.swift */ = {isa = PBXFileReference; lastKnownFileType = sourcecode.swift; path = AppDelegate.swift; sourceTree = "<group>"; };
		7FAEB9112479223C00EC7764 /* CatagoriesVC.swift */ = {isa = PBXFileReference; lastKnownFileType = sourcecode.swift; path = CatagoriesVC.swift; sourceTree = "<group>"; };
		7FAEB9142479223C00EC7764 /* Base */ = {isa = PBXFileReference; lastKnownFileType = file.storyboard; name = Base; path = Base.lproj/Main.storyboard; sourceTree = "<group>"; };
		7FAEB9162479223E00EC7764 /* Assets.xcassets */ = {isa = PBXFileReference; lastKnownFileType = folder.assetcatalog; path = Assets.xcassets; sourceTree = "<group>"; };
		7FAEB9192479223E00EC7764 /* Base */ = {isa = PBXFileReference; lastKnownFileType = file.storyboard; name = Base; path = Base.lproj/LaunchScreen.storyboard; sourceTree = "<group>"; };
		7FAEB91B2479223E00EC7764 /* Info.plist */ = {isa = PBXFileReference; lastKnownFileType = text.plist.xml; path = Info.plist; sourceTree = "<group>"; };
		7FAEB924247927F400EC7764 /* CategoryCell.swift */ = {isa = PBXFileReference; lastKnownFileType = sourcecode.swift; path = CategoryCell.swift; sourceTree = "<group>"; };
/* End PBXFileReference section */

/* Begin PBXFrameworksBuildPhase section */
		7FAEB9092479223C00EC7764 /* Frameworks */ = {
			isa = PBXFrameworksBuildPhase;
			buildActionMask = 2147483647;
			files = (
			);
			runOnlyForDeploymentPostprocessing = 0;
		};
/* End PBXFrameworksBuildPhase section */

/* Begin PBXGroup section */
		7FAEB9032479223C00EC7764 = {
			isa = PBXGroup;
			children = (
				7FAEB90E2479223C00EC7764 /* coder-swag */,
				7FAEB90D2479223C00EC7764 /* Products */,
			);
			sourceTree = "<group>";
		};
		7FAEB90D2479223C00EC7764 /* Products */ = {
			isa = PBXGroup;
			children = (
				7FAEB90C2479223C00EC7764 /* coder-swag.app */,
			);
			name = Products;
			sourceTree = "<group>";
		};
		7FAEB90E2479223C00EC7764 /* coder-swag */ = {
			isa = PBXGroup;
			children = (
				7FAEB9232479279200EC7764 /* View */,
				7FAEB9222479278400EC7764 /* Model */,
				7FAEB9212479277900EC7764 /* Controller */,
				7FAEB90F2479223C00EC7764 /* AppDelegate.swift */,
				7FAEB9132479223C00EC7764 /* Main.storyboard */,
				7FAEB9162479223E00EC7764 /* Assets.xcassets */,
				7FAEB9182479223E00EC7764 /* LaunchScreen.storyboard */,
				7FAEB91B2479223E00EC7764 /* Info.plist */,
			);
			path = "coder-swag";
			sourceTree = "<group>";
		};
		7FAEB9212479277900EC7764 /* Controller */ = {
			isa = PBXGroup;
			children = (
				7FAEB9112479223C00EC7764 /* CatagoriesVC.swift */,
			);
			path = Controller;
			sourceTree = "<group>";
		};
		7FAEB9222479278400EC7764 /* Model */ = {
			isa = PBXGroup;
			children = (
				7F1FF6FE24792D0F009CD5DD /* Category.swift */,
			);
			path = Model;
			sourceTree = "<group>";
		};
		7FAEB9232479279200EC7764 /* View */ = {
			isa = PBXGroup;
			children = (
				7FAEB924247927F400EC7764 /* CategoryCell.swift */,
			);
			path = View;
			sourceTree = "<group>";
		};
/* End PBXGroup section */

/* Begin PBXNativeTarget section */
		7FAEB90B2479223C00EC7764 /* coder-swag */ = {
			isa = PBXNativeTarget;
			buildConfigurationList = 7FAEB91E2479223E00EC7764 /* Build configuration list for PBXNativeTarget "coder-swag" */;
			buildPhases = (
				7FAEB9082479223C00EC7764 /* Sources */,
				7FAEB9092479223C00EC7764 /* Frameworks */,
				7FAEB90A2479223C00EC7764 /* Resources */,
			);
			buildRules = (
			);
			dependencies = (
			);
			name = "coder-swag";
			productName = "coder-swag";
			productReference = 7FAEB90C2479223C00EC7764 /* coder-swag.app */;
			productType = "com.apple.product-type.application";
		};
/* End PBXNativeTarget section */

/* Begin PBXProject section */
		7FAEB9042479223C00EC7764 /* Project object */ = {
			isa = PBXProject;
			attributes = {
				LastSwiftUpdateCheck = 1000;
				LastUpgradeCheck = 1000;
				ORGANIZATIONNAME = "Shawn Mansfield";
				TargetAttributes = {
					7FAEB90B2479223C00EC7764 = {
						CreatedOnToolsVersion = 10.0;
					};
				};
			};
			buildConfigurationList = 7FAEB9072479223C00EC7764 /* Build configuration list for PBXProject "coder-swag" */;
			compatibilityVersion = "Xcode 9.3";
			developmentRegion = en;
			hasScannedForEncodings = 0;
			knownRegions = (
				en,
				Base,
			);
			mainGroup = 7FAEB9032479223C00EC7764;
			productRefGroup = 7FAEB90D2479223C00EC7764 /* Products */;
			projectDirPath = "";
			projectRoot = "";
			targets = (
				7FAEB90B2479223C00EC7764 /* coder-swag */,
			);
		};
/* End PBXProject section */

/* Begin PBXResourcesBuildPhase section */
		7FAEB90A2479223C00EC7764 /* Resources */ = {
			isa = PBXResourcesBuildPhase;
			buildActionMask = 2147483647;
			files = (
				7FAEB91A2479223E00EC7764 /* LaunchScreen.storyboard in Resources */,
				7FAEB9172479223E00EC7764 /* Assets.xcassets in Resources */,
				7FAEB9152479223C00EC7764 /* Main.storyboard in Resources */,
			);
			runOnlyForDeploymentPostprocessing = 0;
		};
/* End PBXResourcesBuildPhase section */

/* Begin PBXSourcesBuildPhase section */
		7FAEB9082479223C00EC7764 /* Sources */ = {
			isa = PBXSourcesBuildPhase;
			buildActionMask = 2147483647;
			files = (
				7FAEB925247927F400EC7764 /* CategoryCell.swift in Sources */,
				7FAEB9122479223C00EC7764 /* CatagoriesVC.swift in Sources */,
				7FAEB9102479223C00EC7764 /* AppDelegate.swift in Sources */,
				7F1FF6FF24792D0F009CD5DD /* Category.swift in Sources */,
			);
			runOnlyForDeploymentPostprocessing = 0;
		};
/* End PBXSourcesBuildPhase section */

/* Begin PBXVariantGroup section */
		7FAEB9132479223C00EC7764 /* Main.storyboard */ = {
			isa = PBXVariantGroup;
			children = (
				7FAEB9142479223C00EC7764 /* Base */,
			);
			name = Main.storyboard;
			sourceTree = "<group>";
		};
		7FAEB9182479223E00EC7764 /* LaunchScreen.storyboard */ = {
			isa = PBXVariantGroup;
			children = (
				7FAEB9192479223E00EC7764 /* Base */,
			);
			name = LaunchScreen.storyboard;
			sourceTree = "<group>";
		};
/* End PBXVariantGroup section */

/* Begin XCBuildConfiguration section */
		7FAEB91C2479223E00EC7764 /* Debug */ = {
			isa = XCBuildConfiguration;
			buildSettings = {
				ALWAYS_SEARCH_USER_PATHS = NO;
				CLANG_ANALYZER_NONNULL = YES;
				CLANG_ANALYZER_NUMBER_OBJECT_CONVERSION = YES_AGGRESSIVE;
				CLANG_CXX_LANGUAGE_STANDARD = "gnu++14";
				CLANG_CXX_LIBRARY = "libc++";
				CLANG_ENABLE_MODULES = YES;
				CLANG_ENABLE_OBJC_ARC = YES;
				CLANG_ENABLE_OBJC_WEAK = YES;
				CLANG_WARN_BLOCK_CAPTURE_AUTORELEASING = YES;
				CLANG_WARN_BOOL_CONVERSION = YES;
				CLANG_WARN_COMMA = YES;
				CLANG_WARN_CONSTANT_CONVERSION = YES;
				CLANG_WARN_DEPRECATED_OBJC_IMPLEMENTATIONS = YES;
				CLANG_WARN_DIRECT_OBJC_ISA_USAGE = YES_ERROR;
				CLANG_WARN_DOCUMENTATION_COMMENTS = YES;
				CLANG_WARN_EMPTY_BODY = YES;
				CLANG_WARN_ENUM_CONVERSION = YES;
				CLANG_WARN_INFINITE_RECURSION = YES;
				CLANG_WARN_INT_CONVERSION = YES;
				CLANG_WARN_NON_LITERAL_NULL_CONVERSION = YES;
				CLANG_WARN_OBJC_IMPLICIT_RETAIN_SELF = YES;
				CLANG_WARN_OBJC_LITERAL_CONVERSION = YES;
				CLANG_WARN_OBJC_ROOT_CLASS = YES_ERROR;
				CLANG_WARN_RANGE_LOOP_ANALYSIS = YES;
				CLANG_WARN_STRICT_PROTOTYPES = YES;
				CLANG_WARN_SUSPICIOUS_MOVE = YES;
				CLANG_WARN_UNGUARDED_AVAILABILITY = YES_AGGRESSIVE;
				CLANG_WARN_UNREACHABLE_CODE = YES;
				CLANG_WARN__DUPLICATE_METHOD_MATCH = YES;
				CODE_SIGN_IDENTITY = "iPhone Developer";
				COPY_PHASE_STRIP = NO;
				DEBUG_INFORMATION_FORMAT = dwarf;
				ENABLE_STRICT_OBJC_MSGSEND = YES;
				ENABLE_TESTABILITY = YES;
				GCC_C_LANGUAGE_STANDARD = gnu11;
				GCC_DYNAMIC_NO_PIC = NO;
				GCC_NO_COMMON_BLOCKS = YES;
				GCC_OPTIMIZATION_LEVEL = 0;
				GCC_PREPROCESSOR_DEFINITIONS = (
					"DEBUG=1",
					"$(inherited)",
				);
				GCC_WARN_64_TO_32_BIT_CONVERSION = YES;
				GCC_WARN_ABOUT_RETURN_TYPE = YES_ERROR;
				GCC_WARN_UNDECLARED_SELECTOR = YES;
				GCC_WARN_UNINITIALIZED_AUTOS = YES_AGGRESSIVE;
				GCC_WARN_UNUSED_FUNCTION = YES;
				GCC_WARN_UNUSED_VARIABLE = YES;
				IPHONEOS_DEPLOYMENT_TARGET = 12.0;
				MTL_ENABLE_DEBUG_INFO = INCLUDE_SOURCE;
				MTL_FAST_MATH = YES;
				ONLY_ACTIVE_ARCH = YES;
				SDKROOT = iphoneos;
				SWIFT_ACTIVE_COMPILATION_CONDITIONS = DEBUG;
				SWIFT_OPTIMIZATION_LEVEL = "-Onone";
			};
			name = Debug;
		};
		7FAEB91D2479223E00EC7764 /* Release */ = {
			isa = XCBuildConfiguration;
			buildSettings = {
				ALWAYS_SEARCH_USER_PATHS = NO;
				CLANG_ANALYZER_NONNULL = YES;
				CLANG_ANALYZER_NUMBER_OBJECT_CONVERSION = YES_AGGRESSIVE;
				CLANG_CXX_LANGUAGE_STANDARD = "gnu++14";
				CLANG_CXX_LIBRARY = "libc++";
				CLANG_ENABLE_MODULES = YES;
				CLANG_ENABLE_OBJC_ARC = YES;
				CLANG_ENABLE_OBJC_WEAK = YES;
				CLANG_WARN_BLOCK_CAPTURE_AUTORELEASING = YES;
				CLANG_WARN_BOOL_CONVERSION = YES;
				CLANG_WARN_COMMA = YES;
				CLANG_WARN_CONSTANT_CONVERSION = YES;
				CLANG_WARN_DEPRECATED_OBJC_IMPLEMENTATIONS = YES;
				CLANG_WARN_DIRECT_OBJC_ISA_USAGE = YES_ERROR;
				CLANG_WARN_DOCUMENTATION_COMMENTS = YES;
				CLANG_WARN_EMPTY_BODY = YES;
				CLANG_WARN_ENUM_CONVERSION = YES;
				CLANG_WARN_INFINITE_RECURSION = YES;
				CLANG_WARN_INT_CONVERSION = YES;
				CLANG_WARN_NON_LITERAL_NULL_CONVERSION = YES;
				CLANG_WARN_OBJC_IMPLICIT_RETAIN_SELF = YES;
				CLANG_WARN_OBJC_LITERAL_CONVERSION = YES;
				CLANG_WARN_OBJC_ROOT_CLASS = YES_ERROR;
				CLANG_WARN_RANGE_LOOP_ANALYSIS = YES;
				CLANG_WARN_STRICT_PROTOTYPES = YES;
				CLANG_WARN_SUSPICIOUS_MOVE = YES;
				CLANG_WARN_UNGUARDED_AVAILABILITY = YES_AGGRESSIVE;
				CLANG_WARN_UNREACHABLE_CODE = YES;
				CLANG_WARN__DUPLICATE_METHOD_MATCH = YES;
				CODE_SIGN_IDENTITY = "iPhone Developer";
				COPY_PHASE_STRIP = NO;
				DEBUG_INFORMATION_FORMAT = "dwarf-with-dsym";
				ENABLE_NS_ASSERTIONS = NO;
				ENABLE_STRICT_OBJC_MSGSEND = YES;
				GCC_C_LANGUAGE_STANDARD = gnu11;
				GCC_NO_COMMON_BLOCKS = YES;
				GCC_WARN_64_TO_32_BIT_CONVERSION = YES;
				GCC_WARN_ABOUT_RETURN_TYPE = YES_ERROR;
				GCC_WARN_UNDECLARED_SELECTOR = YES;
				GCC_WARN_UNINITIALIZED_AUTOS = YES_AGGRESSIVE;
				GCC_WARN_UNUSED_FUNCTION = YES;
				GCC_WARN_UNUSED_VARIABLE = YES;
				IPHONEOS_DEPLOYMENT_TARGET = 12.0;
				MTL_ENABLE_DEBUG_INFO = NO;
				MTL_FAST_MATH = YES;
				SDKROOT = iphoneos;
				SWIFT_COMPILATION_MODE = wholemodule;
				SWIFT_OPTIMIZATION_LEVEL = "-O";
				VALIDATE_PRODUCT = YES;
			};
			name = Release;
		};
		7FAEB91F2479223E00EC7764 /* Debug */ = {
			isa = XCBuildConfiguration;
			buildSettings = {
				ASSETCATALOG_COMPILER_APPICON_NAME = AppIcon;
				CODE_SIGN_STYLE = Automatic;
				DEVELOPMENT_TEAM = GX25QL3HJ8;
				INFOPLIST_FILE = "coder-swag/Info.plist";
				LD_RUNPATH_SEARCH_PATHS = (
					"$(inherited)",
					"@executable_path/Frameworks",
				);
				PRODUCT_BUNDLE_IDENTIFIER = "com.slmansfield.coder-swag";
				PRODUCT_NAME = "$(TARGET_NAME)";
				SWIFT_VERSION = 4.2;
				TARGETED_DEVICE_FAMILY = "1,2";
			};
			name = Debug;
		};
		7FAEB9202479223E00EC7764 /* Release */ = {
			isa = XCBuildConfiguration;
			buildSettings = {
				ASSETCATALOG_COMPILER_APPICON_NAME = AppIcon;
				CODE_SIGN_STYLE = Automatic;
				DEVELOPMENT_TEAM = GX25QL3HJ8;
				INFOPLIST_FILE = "coder-swag/Info.plist";
				LD_RUNPATH_SEARCH_PATHS = (
					"$(inherited)",
					"@executable_path/Frameworks",
				);
				PRODUCT_BUNDLE_IDENTIFIER = "com.slmansfield.coder-swag";
				PRODUCT_NAME = "$(TARGET_NAME)";
				SWIFT_VERSION = 4.2;
				TARGETED_DEVICE_FAMILY = "1,2";
			};
			name = Release;
		};
/* End XCBuildConfiguration section */

/* Begin XCConfigurationList section */
		7FAEB9072479223C00EC7764 /* Build configuration list for PBXProject "coder-swag" */ = {
			isa = XCConfigurationList;
			buildConfigurations = (
				7FAEB91C2479223E00EC7764 /* Debug */,
				7FAEB91D2479223E00EC7764 /* Release */,
			);
			defaultConfigurationIsVisible = 0;
			defaultConfigurationName = Release;
		};
		7FAEB91E2479223E00EC7764 /* Build configuration list for PBXNativeTarget "coder-swag" */ = {
			isa = XCConfigurationList;
			buildConfigurations = (
				7FAEB91F2479223E00EC7764 /* Debug */,
				7FAEB9202479223E00EC7764 /* Release */,
			);
			defaultConfigurationIsVisible = 0;
			defaultConfigurationName = Release;
		};
/* End XCConfigurationList section */
	};
	rootObject = 7FAEB9042479223C00EC7764 /* Project object */;
}
